
Microsoft Visual Studio Solution File, Format Version 12.00
# Visual Studio Version 16
VisualStudioVersion = 16.0.31605.320
MinimumVisualStudioVersion = 10.0.40219.1
Project("{8BC9CEB8-8B4A-11D0-8D11-00A0C91BC942}") = "CS300 Project", "CS300 Project\CS300 Project.vcxproj", "{F81161C1-3D95-40ED-871C-72E398400223}"
EndProject
Global
	GlobalSection(SolutionConfigurationPlatforms) = preSolution
		Debug|x64 = Debug|x64
		Release|x64 = Release|x64
	EndGlobalSection
	GlobalSection(ProjectConfigurationPlatforms) = postSolution
		{F81161C1-3D95-40ED-871C-72E398400223}.Debug|x64.ActiveCfg = Debug|x64
		{F81161C1-3D95-40ED-871C-72E398400223}.Debug|x64.Build.0 = Debug|x64
		{F81161C1-3D95-40ED-871C-72E398400223}.Release|x64.ActiveCfg = Release|x64
		{F81161C1-3D95-40ED-871C-72E398400223}.Release|x64.Build.0 = Release|x64
	EndGlobalSection
	GlobalSection(SolutionProperties) = preSolution
		HideSolutionNode = FALSE
	EndGlobalSection
	GlobalSection(ExtensibilityGlobals) = postSolution
		SolutionGuid = {8443ED51-A4FC-4D60-89A8-8BC74451440F}
	EndGlobalSection
EndGlobal
