<?xml version="1.0" encoding="utf-8"?>
<Project ToolsVersion="4.0" xmlns="http://schemas.microsoft.com/developer/msbuild/2003">
  <ItemGroup>
    <Filter Include="Source Files">
      <UniqueIdentifier>{4FC737F1-C7A5-4376-A066-2A32D752A2FF}</UniqueIdentifier>
      <Extensions>cpp;c;cc;cxx;c++;cppm;ixx;def;odl;idl;hpj;bat;asm;asmx</Extensions>
    </Filter>
    <Filter Include="Header Files">
      <UniqueIdentifier>{93995380-89BD-4b04-88EB-625FBE52EBFB}</UniqueIdentifier>
      <Extensions>h;hh;hpp;hxx;h++;hm;inl;inc;ipp;xsd</Extensions>
    </Filter>
    <Filter Include="Resource Files">
      <UniqueIdentifier>{67DA6AB6-F800-4c08-8B7A-83BB121AAD01}</UniqueIdentifier>
      <Extensions>rc;ico;cur;bmp;dlg;rc2;rct;bin;rgs;gif;jpg;jpeg;jpe;resx;tiff;tif;png;wav;mfcribbon-ms</Extensions>
    </Filter>
    <Filter Include="Shader">
      <UniqueIdentifier>{a1782187-4278-466e-b04e-b4a95d563bfa}</UniqueIdentifier>
    </Filter>
    <Filter Include="ImGui">
      <UniqueIdentifier>{6ec950ce-e1a7-4bab-908c-927bd7fd5212}</UniqueIdentifier>
    </Filter>
  </ItemGroup>
  <ItemGroup>
    <ClCompile Include="..\1.0 - Simple Scene\GLApplication.cpp">
      <Filter>Source Files</Filter>
    </ClCompile>
    <ClCompile Include="..\Common\shader.cpp">
      <Filter>Source Files</Filter>
    </ClCompile>
    <ClCompile Include="..\Common\Graphic.cpp">
      <Filter>Source Files</Filter>
    </ClCompile>
    <ClCompile Include="..\Common\Interpolation.cpp">
      <Filter>Source Files</Filter>
    </ClCompile>
    <ClCompile Include="..\Common\AnimationModel.cpp">
      <Filter>Source Files</Filter>
    </ClCompile>
    <ClCompile Include="..\Common\AnimatingFunctions.cpp">
      <Filter>Source Files</Filter>
    </ClCompile>
    <ClCompile Include="..\Common\Texture.cpp">
      <Filter>Source Files</Filter>
    </ClCompile>
    <ClCompile Include="..\Common\Object.cpp">
      <Filter>Source Files</Filter>
    </ClCompile>
    <ClCompile Include="..\Common\AnimationModelDatas.cpp">
      <Filter>Source Files</Filter>
    </ClCompile>
    <ClCompile Include="..\Common\BoneStorageManager.cpp">
      <Filter>Source Files</Filter>
    </ClCompile>
    <ClCompile Include="..\Common\Quaternion.cpp">
      <Filter>Source Files</Filter>
    </ClCompile>
    <ClCompile Include="..\ThirdParty\Imgui\imgui_demo.cpp">
      <Filter>ImGui</Filter>
    </ClCompile>
    <ClCompile Include="..\ThirdParty\Imgui\imgui_draw.cpp">
      <Filter>ImGui</Filter>
    </ClCompile>
    <ClCompile Include="..\ThirdParty\Imgui\imgui_impl_glfw.cpp">
      <Filter>ImGui</Filter>
    </ClCompile>
    <ClCompile Include="..\ThirdParty\Imgui\imgui_impl_opengl3.cpp">
      <Filter>ImGui</Filter>
    </ClCompile>
    <ClCompile Include="..\ThirdParty\Imgui\imgui_tables.cpp">
      <Filter>ImGui</Filter>
    </ClCompile>
    <ClCompile Include="..\ThirdParty\Imgui\imgui_widgets.cpp">
      <Filter>ImGui</Filter>
    </ClCompile>
    <ClCompile Include="..\ThirdParty\Imgui\imgui.cpp">
      <Filter>ImGui</Filter>
    </ClCompile>
    <ClCompile Include="..\Common\Floor.cpp">
      <Filter>Source Files</Filter>
    </ClCompile>
    <ClCompile Include="..\Common\BillBoardObject.cpp">
      <Filter>Source Files</Filter>
    </ClCompile>
    <ClCompile Include="..\Common\FrameBuffer.cpp">
      <Filter>Source Files</Filter>
    </ClCompile>
    <ClCompile Include="..\Common\BillboardAnimatingDatas.cpp">
      <Filter>Source Files</Filter>
    </ClCompile>
    <ClCompile Include="..\Common\BillboardManager.cpp">
      <Filter>Source Files</Filter>
    </ClCompile>
    <ClCompile Include="..\Common\SkyBox.cpp">
      <Filter>Source Files</Filter>
    </ClCompile>
    <ClCompile Include="..\Common\FrustumCulling.cpp">
      <Filter>Source Files</Filter>
    </ClCompile>
    <ClCompile Include="..\Common\MeshDatas.cpp">
      <Filter>Source Files</Filter>
    </ClCompile>
    <ClCompile Include="..\Common\SingleAnimationObject.cpp">
      <Filter>Source Files</Filter>
    </ClCompile>
    <ClCompile Include="..\Common\MultipleAnimationObject.cpp">
      <Filter>Source Files</Filter>
    </ClCompile>
    <ClCompile Include="..\Common\Line.cpp">
      <Filter>Source Files</Filter>
    </ClCompile>
    <ClCompile Include="..\Common\BillboardObjectManager.cpp">
      <Filter>Source Files</Filter>
    </ClCompile>
    <ClCompile Include="..\Common\BufferManager.cpp">
      <Filter>Source Files</Filter>
    </ClCompile>
    <ClCompile Include="..\Common\Herd.cpp">
      <Filter>Source Files</Filter>
    </ClCompile>
  </ItemGroup>
  <ItemGroup>
    <ClInclude Include="..\Common\Graphic.h">
      <Filter>Header Files</Filter>
    </ClInclude>
    <ClInclude Include="..\Common\VertexBoneData.hpp">
      <Filter>Header Files</Filter>
    </ClInclude>
    <ClInclude Include="..\Common\Shader.h">
      <Filter>Header Files</Filter>
    </ClInclude>
    <ClInclude Include="..\Common\Camera.hpp">
      <Filter>Header Files</Filter>
    </ClInclude>
    <ClInclude Include="..\Common\Buffer.hpp">
      <Filter>Header Files</Filter>
    </ClInclude>
    <ClInclude Include="..\Common\Interpolation.h">
      <Filter>Header Files</Filter>
    </ClInclude>
    <ClInclude Include="..\Common\AnimationModel.h">
      <Filter>Header Files</Filter>
    </ClInclude>
    <ClInclude Include="..\Common\AnimatingFunctions.h">
      <Filter>Header Files</Filter>
    </ClInclude>
    <ClInclude Include="..\Common\AnimationStructure.hpp">
      <Filter>Header Files</Filter>
    </ClInclude>
    <ClInclude Include="..\Common\Texture.h">
      <Filter>Header Files</Filter>
    </ClInclude>
    <ClInclude Include="..\Common\Material.h">
      <Filter>Header Files</Filter>
    </ClInclude>
    <ClInclude Include="..\Common\Object.h">
      <Filter>Header Files</Filter>
    </ClInclude>
    <ClInclude Include="..\Common\AnimationModelDatas.h">
      <Filter>Header Files</Filter>
    </ClInclude>
    <ClInclude Include="..\Common\BoneStorageManager.h">
      <Filter>Header Files</Filter>
    </ClInclude>
    <ClInclude Include="..\Common\Quaternion.h">
      <Filter>Header Files</Filter>
    </ClInclude>
    <ClInclude Include="..\ThirdParty\Imgui\imgui_impl_glfw.h">
      <Filter>ImGui</Filter>
    </ClInclude>
    <ClInclude Include="..\ThirdParty\Imgui\imgui_impl_opengl3.h">
      <Filter>ImGui</Filter>
    </ClInclude>
    <ClInclude Include="..\ThirdParty\Imgui\imgui_impl_opengl3_loader.h">
      <Filter>ImGui</Filter>
    </ClInclude>
    <ClInclude Include="..\ThirdParty\Imgui\imgui_internal.h">
      <Filter>ImGui</Filter>
    </ClInclude>
    <ClInclude Include="..\ThirdParty\Imgui\imstb_rectpack.h">
      <Filter>ImGui</Filter>
    </ClInclude>
    <ClInclude Include="..\ThirdParty\Imgui\imstb_textedit.h">
      <Filter>ImGui</Filter>
    </ClInclude>
    <ClInclude Include="..\ThirdParty\Imgui\imstb_truetype.h">
      <Filter>ImGui</Filter>
    </ClInclude>
    <ClInclude Include="..\ThirdParty\Imgui\imconfig.h">
      <Filter>ImGui</Filter>
    </ClInclude>
    <ClInclude Include="..\ThirdParty\Imgui\imgui.h">
      <Filter>ImGui</Filter>
    </ClInclude>
    <ClInclude Include="..\Common\Floor.hpp">
      <Filter>Header Files</Filter>
    </ClInclude>
    <ClInclude Include="..\Common\BillBoardObject.h">
      <Filter>Header Files</Filter>
    </ClInclude>
    <ClInclude Include="..\Common\FrameBuffer.h">
      <Filter>Header Files</Filter>
    </ClInclude>
    <ClInclude Include="..\Common\BillboardAnimatingDatas.h">
      <Filter>Header Files</Filter>
    </ClInclude>
    <ClInclude Include="..\Common\BillboardManager.h">
      <Filter>Header Files</Filter>
    </ClInclude>
    <ClInclude Include="..\Common\Skybox.h">
      <Filter>Header Files</Filter>
    </ClInclude>
    <ClInclude Include="..\Common\SimpleMeshes.h">
      <Filter>Header Files</Filter>
    </ClInclude>
    <ClInclude Include="..\Common\FrustumCulling.h">
      <Filter>Header Files</Filter>
    </ClInclude>
    <ClInclude Include="..\Common\MeshDatas.h">
      <Filter>Header Files</Filter>
    </ClInclude>
    <ClInclude Include="..\Common\StringParser.h">
      <Filter>Header Files</Filter>
    </ClInclude>
    <ClInclude Include="..\Common\SingleAnimationObject.h">
      <Filter>Header Files</Filter>
    </ClInclude>
    <ClInclude Include="..\Common\MultipleAnimationObject.h">
      <Filter>Header Files</Filter>
    </ClInclude>
    <ClInclude Include="..\Common\Timer.hpp">
      <Filter>Header Files</Filter>
    </ClInclude>
    <ClInclude Include="..\Common\Line.h">
      <Filter>Header Files</Filter>
    </ClInclude>
    <ClInclude Include="..\Common\ModelKinds.hpp">
      <Filter>Header Files</Filter>
    </ClInclude>
    <ClInclude Include="..\Common\BillboardObjectManager.h">
      <Filter>Header Files</Filter>
    </ClInclude>
    <ClInclude Include="..\Common\BufferManager.h">
      <Filter>Header Files</Filter>
    </ClInclude>
    <ClInclude Include="..\Common\DataTypes.h">
      <Filter>Header Files</Filter>
    </ClInclude>
    <ClInclude Include="..\Common\Herd.h">
      <Filter>Header Files</Filter>
    </ClInclude>
  </ItemGroup>
  <ItemGroup>
    <None Include="..\Shaders\frag.glsl">
      <Filter>Shader</Filter>
    </None>
    <None Include="..\Shaders\vert.glsl">
      <Filter>Shader</Filter>
    </None>
    <None Include="..\Shaders\floorFragment.glsl">
      <Filter>Shader</Filter>
    </None>
    <None Include="..\Shaders\floorVertex.glsl">
      <Filter>Shader</Filter>
    </None>
    <None Include="..\Shaders\computeShader.glsl">
      <Filter>Shader</Filter>
    </None>
    <None Include="..\Shaders\billboardVert.glsl">
      <Filter>Shader</Filter>
    </None>
    <None Include="..\Shaders\billboardFrag.glsl">
      <Filter>Shader</Filter>
    </None>
    <None Include="..\Shaders\billboardGeometry.glsl">
      <Filter>Shader</Filter>
    </None>
    <None Include="..\Shaders\SkyboxVertex.glsl">
      <Filter>Shader</Filter>
    </None>
    <None Include="..\Shaders\SkyboxFragment.glsl">
      <Filter>Shader</Filter>
    </None>
    <None Include="..\Shaders\lineVert.glsl">
      <Filter>Shader</Filter>
    </None>
    <None Include="..\Shaders\lineFrag.glsl">
      <Filter>Shader</Filter>
    </None>
    <None Include="..\Shaders\BillboardObjectAngleCompute.glsl">
      <Filter>Shader</Filter>
    </None>
  </ItemGroup>
</Project>