<?xml version="1.0" encoding="utf-8"?>
<Project ToolsVersion="4.0" xmlns="http://schemas.microsoft.com/developer/msbuild/2003">
  <ItemGroup>
    <Filter Include="Source Files">
      <UniqueIdentifier>{4FC737F1-C7A5-4376-A066-2A32D752A2FF}</UniqueIdentifier>
      <Extensions>cpp;c;cc;cxx;c++;cppm;ixx;def;odl;idl;hpj;bat;asm;asmx</Extensions>
    </Filter>
    <Filter Include="Header Files">
      <UniqueIdentifier>{93995380-89BD-4b04-88EB-625FBE52EBFB}</UniqueIdentifier>
      <Extensions>h;hh;hpp;hxx;h++;hm;inl;inc;ipp;xsd</Extensions>
    </Filter>
    <Filter Include="Resource Files">
      <UniqueIdentifier>{67DA6AB6-F800-4c08-8B7A-83BB121AAD01}</UniqueIdentifier>
      <Extensions>rc;ico;cur;bmp;dlg;rc2;rct;bin;rgs;gif;jpg;jpeg;jpe;resx;tiff;tif;png;wav;mfcribbon-ms</Extensions>
    </Filter>
    <Filter Include="Shader">
      <UniqueIdentifier>{a1782187-4278-466e-b04e-b4a95d563bfa}</UniqueIdentifier>
    </Filter>
    <Filter Include="ImGui">
      <UniqueIdentifier>{6ec950ce-e1a7-4bab-908c-927bd7fd5212}</UniqueIdentifier>
    </Filter>
    <Filter Include="Shader\ComputeShader">
      <UniqueIdentifier>{f0e6af14-d1d7-4d4c-9671-0ca33f5f8c2e}</UniqueIdentifier>
    </Filter>
    <Filter Include="Shader\Billboards">
      <UniqueIdentifier>{ec70c228-2fc6-4f26-bc29-57a35af78570}</UniqueIdentifier>
    </Filter>
    <Filter Include="Shader\Animations">
      <UniqueIdentifier>{b636b306-e55e-4fe6-84d6-d89b19c8d21d}</UniqueIdentifier>
    </Filter>
    <Filter Include="Shader\Other">
      <UniqueIdentifier>{01f9db27-32c3-4005-83f0-deb5a452ac6b}</UniqueIdentifier>
    </Filter>
    <Filter Include="Header Files\ComputeShader">
      <UniqueIdentifier>{50032d1f-25bf-46fd-8d33-d09b9b2f30d4}</UniqueIdentifier>
    </Filter>
    <Filter Include="Header Files\Buffer">
      <UniqueIdentifier>{929a14b6-1adb-476e-9a72-ea06774e3ebd}</UniqueIdentifier>
    </Filter>
    <Filter Include="Header Files\Billboard">
      <UniqueIdentifier>{62387d90-f831-4ffc-b6ec-4d3684ac642f}</UniqueIdentifier>
    </Filter>
    <Filter Include="Header Files\Animation">
      <UniqueIdentifier>{1bb0e0a6-bd4d-47e6-a02f-7620a9e93d4e}</UniqueIdentifier>
    </Filter>
    <Filter Include="Source Files\ComputeShader">
      <UniqueIdentifier>{d1c01e81-d735-4f9d-a5a0-47f637087720}</UniqueIdentifier>
    </Filter>
    <Filter Include="Source Files\Buffer">
      <UniqueIdentifier>{6acd349c-6fe9-471b-87b2-7f98f900a817}</UniqueIdentifier>
    </Filter>
    <Filter Include="Source Files\Animation">
      <UniqueIdentifier>{4c1f8958-7394-46c2-879d-7ce9a832ed2d}</UniqueIdentifier>
    </Filter>
    <Filter Include="Source Files\Billboard">
      <UniqueIdentifier>{9785e5f3-7fbd-45ea-9ff9-4bfb3497f8ae}</UniqueIdentifier>
    </Filter>
    <Filter Include="Source Files\Herd">
      <UniqueIdentifier>{b46f2aa2-12f3-4393-9c19-525530c6d530}</UniqueIdentifier>
    </Filter>
    <Filter Include="Header Files\Herd">
      <UniqueIdentifier>{05adc366-9212-4abe-9092-223b8ef248d6}</UniqueIdentifier>
    </Filter>
  </ItemGroup>
  <ItemGroup>
    <ClCompile Include="..\1.0 - Simple Scene\GLApplication.cpp">
      <Filter>Source Files</Filter>
    </ClCompile>
    <ClCompile Include="..\Common\shader.cpp">
      <Filter>Source Files</Filter>
    </ClCompile>
    <ClCompile Include="..\Common\Graphic.cpp">
      <Filter>Source Files</Filter>
    </ClCompile>
    <ClCompile Include="..\Common\Interpolation.cpp">
      <Filter>Source Files</Filter>
    </ClCompile>
    <ClCompile Include="..\Common\Texture.cpp">
      <Filter>Source Files</Filter>
    </ClCompile>
    <ClCompile Include="..\Common\Object.cpp">
      <Filter>Source Files</Filter>
    </ClCompile>
    <ClCompile Include="..\Common\Quaternion.cpp">
      <Filter>Source Files</Filter>
    </ClCompile>
    <ClCompile Include="..\ThirdParty\Imgui\imgui_demo.cpp">
      <Filter>ImGui</Filter>
    </ClCompile>
    <ClCompile Include="..\ThirdParty\Imgui\imgui_draw.cpp">
      <Filter>ImGui</Filter>
    </ClCompile>
    <ClCompile Include="..\ThirdParty\Imgui\imgui_impl_glfw.cpp">
      <Filter>ImGui</Filter>
    </ClCompile>
    <ClCompile Include="..\ThirdParty\Imgui\imgui_impl_opengl3.cpp">
      <Filter>ImGui</Filter>
    </ClCompile>
    <ClCompile Include="..\ThirdParty\Imgui\imgui_tables.cpp">
      <Filter>ImGui</Filter>
    </ClCompile>
    <ClCompile Include="..\ThirdParty\Imgui\imgui_widgets.cpp">
      <Filter>ImGui</Filter>
    </ClCompile>
    <ClCompile Include="..\ThirdParty\Imgui\imgui.cpp">
      <Filter>ImGui</Filter>
    </ClCompile>
    <ClCompile Include="..\Common\Floor.cpp">
      <Filter>Source Files</Filter>
    </ClCompile>
    <ClCompile Include="..\Common\FrameBuffer.cpp">
      <Filter>Source Files</Filter>
    </ClCompile>
    <ClCompile Include="..\Common\SkyBox.cpp">
      <Filter>Source Files</Filter>
    </ClCompile>
    <ClCompile Include="..\Common\FrustumCulling.cpp">
      <Filter>Source Files</Filter>
    </ClCompile>
    <ClCompile Include="..\Common\MeshDatas.cpp">
      <Filter>Source Files</Filter>
    </ClCompile>
    <ClCompile Include="..\Common\Line.cpp">
      <Filter>Source Files</Filter>
    </ClCompile>
    <ClCompile Include="..\Common\BillboardAttackCS.cpp">
      <Filter>Source Files\ComputeShader</Filter>
    </ClCompile>
    <ClCompile Include="..\Common\ComputeShaderClass.cpp">
      <Filter>Source Files\ComputeShader</Filter>
    </ClCompile>
    <ClCompile Include="..\Common\BillboardMovingCS.cpp">
      <Filter>Source Files\ComputeShader</Filter>
    </ClCompile>
    <ClCompile Include="..\Common\BillboardFrameBufferUsageCS.cpp">
      <Filter>Source Files\ComputeShader</Filter>
    </ClCompile>
    <ClCompile Include="..\Common\BufferManager.cpp">
      <Filter>Source Files\Buffer</Filter>
    </ClCompile>
    <ClCompile Include="..\Common\AnimatingFunctions.cpp">
      <Filter>Source Files\Animation</Filter>
    </ClCompile>
    <ClCompile Include="..\Common\AnimationModel.cpp">
      <Filter>Source Files\Animation</Filter>
    </ClCompile>
    <ClCompile Include="..\Common\AnimationModelDatas.cpp">
      <Filter>Source Files\Animation</Filter>
    </ClCompile>
    <ClCompile Include="..\Common\BoneStorageManager.cpp">
      <Filter>Source Files\Animation</Filter>
    </ClCompile>
    <ClCompile Include="..\Common\MultipleAnimationObject.cpp">
      <Filter>Source Files\Animation</Filter>
    </ClCompile>
    <ClCompile Include="..\Common\SingleAnimationObject.cpp">
      <Filter>Source Files\Animation</Filter>
    </ClCompile>
    <ClCompile Include="..\Common\BillboardAnimatingDatas.cpp">
      <Filter>Source Files\Billboard</Filter>
    </ClCompile>
    <ClCompile Include="..\Common\BillboardManager.cpp">
      <Filter>Source Files\Billboard</Filter>
    </ClCompile>
    <ClCompile Include="..\Common\BillBoardObject.cpp">
      <Filter>Source Files\Billboard</Filter>
    </ClCompile>
    <ClCompile Include="..\Common\BillboardObjectManager.cpp">
      <Filter>Source Files\Billboard</Filter>
    </ClCompile>
    <ClCompile Include="..\Common\Herd.cpp">
      <Filter>Source Files\Herd</Filter>
    </ClCompile>
    <ClCompile Include="..\Common\HerdManager.cpp">
      <Filter>Source Files\Herd</Filter>
    </ClCompile>
    <ClCompile Include="..\Common\AnimationState.cpp">
      <Filter>Source Files\Animation</Filter>
    </ClCompile>
    <ClCompile Include="..\Common\BillboardAnimationChangeCS.cpp">
      <Filter>Source Files\ComputeShader</Filter>
    </ClCompile>
    <ClCompile Include="..\Common\ModelKinds.cpp">
      <Filter>Source Files</Filter>
    </ClCompile>
    <ClCompile Include="..\Common\BillboardCollisionCheckCS.cpp">
      <Filter>Source Files\ComputeShader</Filter>
    </ClCompile>
    <ClCompile Include="..\Common\BillboardRangeAttackTimerCS.cpp">
      <Filter>Source Files\ComputeShader</Filter>
    </ClCompile>
    <ClCompile Include="..\Common\HerdSetter.cpp">
      <Filter>Source Files\Herd</Filter>
    </ClCompile>
    <ClCompile Include="..\Common\BillboardBufferResetCS.cpp">
      <Filter>Source Files\ComputeShader</Filter>
    </ClCompile>
  </ItemGroup>
  <ItemGroup>
    <ClInclude Include="..\Common\Graphic.h">
      <Filter>Header Files</Filter>
    </ClInclude>
    <ClInclude Include="..\Common\VertexBoneData.hpp">
      <Filter>Header Files</Filter>
    </ClInclude>
    <ClInclude Include="..\Common\Shader.h">
      <Filter>Header Files</Filter>
    </ClInclude>
    <ClInclude Include="..\Common\Camera.hpp">
      <Filter>Header Files</Filter>
    </ClInclude>
    <ClInclude Include="..\Common\Interpolation.h">
      <Filter>Header Files</Filter>
    </ClInclude>
    <ClInclude Include="..\Common\Texture.h">
      <Filter>Header Files</Filter>
    </ClInclude>
    <ClInclude Include="..\Common\Material.h">
      <Filter>Header Files</Filter>
    </ClInclude>
    <ClInclude Include="..\Common\Object.h">
      <Filter>Header Files</Filter>
    </ClInclude>
    <ClInclude Include="..\Common\Quaternion.h">
      <Filter>Header Files</Filter>
    </ClInclude>
    <ClInclude Include="..\ThirdParty\Imgui\imgui_impl_glfw.h">
      <Filter>ImGui</Filter>
    </ClInclude>
    <ClInclude Include="..\ThirdParty\Imgui\imgui_impl_opengl3.h">
      <Filter>ImGui</Filter>
    </ClInclude>
    <ClInclude Include="..\ThirdParty\Imgui\imgui_impl_opengl3_loader.h">
      <Filter>ImGui</Filter>
    </ClInclude>
    <ClInclude Include="..\ThirdParty\Imgui\imgui_internal.h">
      <Filter>ImGui</Filter>
    </ClInclude>
    <ClInclude Include="..\ThirdParty\Imgui\imstb_rectpack.h">
      <Filter>ImGui</Filter>
    </ClInclude>
    <ClInclude Include="..\ThirdParty\Imgui\imstb_textedit.h">
      <Filter>ImGui</Filter>
    </ClInclude>
    <ClInclude Include="..\ThirdParty\Imgui\imstb_truetype.h">
      <Filter>ImGui</Filter>
    </ClInclude>
    <ClInclude Include="..\ThirdParty\Imgui\imconfig.h">
      <Filter>ImGui</Filter>
    </ClInclude>
    <ClInclude Include="..\ThirdParty\Imgui\imgui.h">
      <Filter>ImGui</Filter>
    </ClInclude>
    <ClInclude Include="..\Common\Cube.h">
      <Filter>Header Files</Filter>
    </ClInclude>
    <ClInclude Include="..\Common\FrameBuffer.h">
      <Filter>Header Files</Filter>
    </ClInclude>
    <ClInclude Include="..\Common\Skybox.h">
      <Filter>Header Files</Filter>
    </ClInclude>
    <ClInclude Include="..\Common\SimpleMeshes.h">
      <Filter>Header Files</Filter>
    </ClInclude>
    <ClInclude Include="..\Common\FrustumCulling.h">
      <Filter>Header Files</Filter>
    </ClInclude>
    <ClInclude Include="..\Common\MeshDatas.h">
      <Filter>Header Files</Filter>
    </ClInclude>
    <ClInclude Include="..\Common\StringParser.h">
      <Filter>Header Files</Filter>
    </ClInclude>
    <ClInclude Include="..\Common\Timer.hpp">
      <Filter>Header Files</Filter>
    </ClInclude>
    <ClInclude Include="..\Common\Line.h">
      <Filter>Header Files</Filter>
    </ClInclude>
    <ClInclude Include="..\Common\DataTypes.h">
      <Filter>Header Files</Filter>
    </ClInclude>
    <ClInclude Include="..\Common\SSBODatas.h">
      <Filter>Header Files</Filter>
    </ClInclude>
    <ClInclude Include="..\Common\BillboardAttackCS.h">
      <Filter>Header Files\ComputeShader</Filter>
    </ClInclude>
    <ClInclude Include="..\Common\BillboardFrameBufferUsageCS.h">
      <Filter>Header Files\ComputeShader</Filter>
    </ClInclude>
    <ClInclude Include="..\Common\ComputeShaderClass.h">
      <Filter>Header Files\ComputeShader</Filter>
    </ClInclude>
    <ClInclude Include="..\Common\BillboardMovingCS.h">
      <Filter>Header Files\ComputeShader</Filter>
    </ClInclude>
    <ClInclude Include="..\Common\CSBufferNames.h">
      <Filter>Header Files\ComputeShader</Filter>
    </ClInclude>
    <ClInclude Include="..\Common\Buffer.hpp">
      <Filter>Header Files\Buffer</Filter>
    </ClInclude>
    <ClInclude Include="..\Common\BufferManager.h">
      <Filter>Header Files\Buffer</Filter>
    </ClInclude>
    <ClInclude Include="..\Common\BillboardManager.h">
      <Filter>Header Files\Billboard</Filter>
    </ClInclude>
    <ClInclude Include="..\Common\BillBoardObject.h">
      <Filter>Header Files\Billboard</Filter>
    </ClInclude>
    <ClInclude Include="..\Common\BillboardObjectManager.h">
      <Filter>Header Files\Billboard</Filter>
    </ClInclude>
    <ClInclude Include="..\Common\BillboardAnimatingDatas.h">
      <Filter>Header Files\Billboard</Filter>
    </ClInclude>
    <ClInclude Include="..\Common\BoneStorageManager.h">
      <Filter>Header Files\Animation</Filter>
    </ClInclude>
    <ClInclude Include="..\Common\AnimatingFunctions.h">
      <Filter>Header Files\Animation</Filter>
    </ClInclude>
    <ClInclude Include="..\Common\AnimationModel.h">
      <Filter>Header Files\Animation</Filter>
    </ClInclude>
    <ClInclude Include="..\Common\AnimationModelDatas.h">
      <Filter>Header Files\Animation</Filter>
    </ClInclude>
    <ClInclude Include="..\Common\AnimationStructure.hpp">
      <Filter>Header Files\Animation</Filter>
    </ClInclude>
    <ClInclude Include="..\Common\SingleAnimationObject.h">
      <Filter>Header Files\Animation</Filter>
    </ClInclude>
    <ClInclude Include="..\Common\MultipleAnimationObject.h">
      <Filter>Header Files\Animation</Filter>
    </ClInclude>
    <ClInclude Include="..\Common\Herd.h">
      <Filter>Header Files\Herd</Filter>
    </ClInclude>
    <ClInclude Include="..\Common\HerdManager.h">
      <Filter>Header Files\Herd</Filter>
    </ClInclude>
    <ClInclude Include="..\Common\AnimationState.h">
      <Filter>Header Files\Animation</Filter>
    </ClInclude>
    <ClInclude Include="..\Common\BillboardAnimationChangeCS.h">
      <Filter>Header Files\ComputeShader</Filter>
    </ClInclude>
    <ClInclude Include="..\Common\ModelKinds.h">
      <Filter>Header Files</Filter>
    </ClInclude>
    <ClInclude Include="..\Common\Ray.h">
      <Filter>Header Files</Filter>
    </ClInclude>
    <ClInclude Include="..\Common\BillboardCollisionCheckCS.h">
      <Filter>Header Files\ComputeShader</Filter>
    </ClInclude>
    <ClInclude Include="..\Common\BillboardRangeAttackTimerCS.h">
      <Filter>Header Files\ComputeShader</Filter>
    </ClInclude>
    <ClInclude Include="..\Common\HerdSetter.h">
      <Filter>Header Files\Herd</Filter>
    </ClInclude>
    <ClInclude Include="..\Common\BillboardBufferResetCS.h">
      <Filter>Header Files\ComputeShader</Filter>
    </ClInclude>
  </ItemGroup>
  <ItemGroup>
    <None Include="..\Shaders\BillboardObjectAngleCompute.glsl">
      <Filter>Shader\ComputeShader</Filter>
    </None>
    <None Include="..\Shaders\BillboardObjectMovingCompute.glsl">
      <Filter>Shader\ComputeShader</Filter>
    </None>
    <None Include="..\Shaders\SkinningComputeShader.glsl">
      <Filter>Shader\ComputeShader</Filter>
    </None>
    <None Include="..\Shaders\BillboardAttackCompute.glsl">
      <Filter>Shader\ComputeShader</Filter>
    </None>
    <None Include="..\Shaders\billboardFrag.glsl">
      <Filter>Shader\Billboards</Filter>
    </None>
    <None Include="..\Shaders\billboardGeometry.glsl">
      <Filter>Shader\Billboards</Filter>
    </None>
    <None Include="..\Shaders\billboardVert.glsl">
      <Filter>Shader\Billboards</Filter>
    </None>
    <None Include="..\Shaders\AnimationFragment.glsl">
      <Filter>Shader\Animations</Filter>
    </None>
    <None Include="..\Shaders\AnimationVertex.glsl">
      <Filter>Shader\Animations</Filter>
    </None>
    <None Include="..\Shaders\lineFrag.glsl">
      <Filter>Shader\Other</Filter>
    </None>
    <None Include="..\Shaders\lineVert.glsl">
      <Filter>Shader\Other</Filter>
    </None>
    <None Include="..\Shaders\SkyboxFragment.glsl">
      <Filter>Shader\Other</Filter>
    </None>
    <None Include="..\Shaders\SkyboxVertex.glsl">
      <Filter>Shader\Other</Filter>
    </None>
    <None Include="..\Shaders\BillboardObjectAnimationStateCompute.glsl">
      <Filter>Shader\ComputeShader</Filter>
    </None>
    <None Include="..\Shaders\BillboardObjectCollisionCheckCompute.glsl">
      <Filter>Shader\ComputeShader</Filter>
    </None>
    <None Include="..\Shaders\BillboardObjectRangeAttackTimerCompute.glsl">
      <Filter>Shader\ComputeShader</Filter>
    </None>
    <None Include="..\Shaders\BufferRefreshingCompute.glsl">
      <Filter>Shader\ComputeShader</Filter>
    </None>
  </ItemGroup>
</Project>